{
  "name": "asp.net",
  "version": "1.0.0",
  "lockfileVersion": 1,
  "requires": true,
  "dependencies": {
    "@mdi/font": {
      "version": "3.4.93",
      "resolved": "https://registry.npmjs.org/@mdi/font/-/font-3.4.93.tgz",
      "integrity": "sha512-iXNInmV6Xlmq8SA1zvYxp4uUA7/Z3cNgiK+Ps8UmHZNn1FLD6KDgeg0XE5RCraK+9qPWl8jsiBMpmbs+RFxI4Q=="
    },
    "bootstrap": {
      "version": "4.1.1",
      "resolved": "https://registry.npmjs.org/bootstrap/-/bootstrap-4.1.1.tgz",
      "integrity": "sha512-SpiDSOcbg4J/PjVSt4ny5eY6j74VbVSjROY4Fb/WIUXBV9cnb5luyR4KnPvNoXuGnBK1T+nJIWqRsvU3yP8Mcg=="
    },
    "bootstrap-datepicker": {
      "version": "1.8.0",
      "resolved": "https://registry.npmjs.org/bootstrap-datepicker/-/bootstrap-datepicker-1.8.0.tgz",
      "integrity": "sha512-213St/G8KT3mjs4qu4qwww74KWysMaIeqgq5OhrboZjIjemIpyuxlSo9FNNI5+KzpkkxkRRba+oewiRGV42B1A==",
      "requires": {
        "jquery": ">=1.7.1 <4.0.0"
      }
    },
    "bootstrap-select": {
      "version": "1.13.1",
      "resolved": "https://registry.npmjs.org/bootstrap-select/-/bootstrap-select-1.13.1.tgz",
      "integrity": "sha1-9ZwCkm+1rGNWudHNvFOEwvAT2bo="
    },
    "chart.js": {
      "version": "2.7.3",
      "resolved": "https://registry.npmjs.org/chart.js/-/chart.js-2.7.3.tgz",
      "integrity": "sha512-3+7k/DbR92m6BsMUYP6M0dMsMVZpMnwkUyNSAbqolHKsbIzH2Q4LWVEHHYq7v0fmEV8whXE0DrjANulw9j2K5g==",
      "requires": {
        "chartjs-color": "^2.1.0",
        "moment": "^2.10.2"
      }
    },
    "chartjs-color": {
      "version": "2.2.0",
      "resolved": "https://registry.npmjs.org/chartjs-color/-/chartjs-color-2.2.0.tgz",
      "integrity": "sha1-hKL7dVeH7YXDndbdjHsdiEKbrq4=",
      "requires": {
        "chartjs-color-string": "^0.5.0",
        "color-convert": "^0.5.3"
      },
      "dependencies": {
        "color-convert": {
          "version": "0.5.3",
          "resolved": "https://registry.npmjs.org/color-convert/-/color-convert-0.5.3.tgz",
          "integrity": "sha1-vbbGnOZg+t/+CwAHzER+G59ygr0="
        }
      }
    },
    "chartjs-color-string": {
      "version": "0.5.0",
      "resolved": "https://registry.npmjs.org/chartjs-color-string/-/chartjs-color-string-0.5.0.tgz",
      "integrity": "sha512-amWNvCOXlOUYxZVDSa0YOab5K/lmEhbFNKI55PWc4mlv28BDzA7zaoQTGxSBgJMHIW+hGX8YUrvw/FH4LyhwSQ==",
      "requires": {
        "color-name": "^1.0.0"
      }
    },
    "color-name": {
      "version": "1.1.4",
      "resolved": "https://registry.npmjs.org/color-name/-/color-name-1.1.4.tgz",
      "integrity": "sha512-dOy+3AuW3a2wNbZHIuMZpTcgjGuLU/uBL/ubcZF9OXbDo8ff4O8yVp5Bf0efS8uEoYo5q4Fx7dY9OgQGXgAsQA=="
    },
    "cropper": {
      "version": "4.0.0",
      "resolved": "https://registry.npmjs.org/cropper/-/cropper-4.0.0.tgz",
      "integrity": "sha512-l0RVf5hHww+iSIJ5ZQRwRRljYjvxA4Rt4qUICR/MjCReif7mW/S68RekM7X2+mip0mG9XQ1oMY9o0v6wi59ftw==",
      "requires": {
        "cropperjs": "^1.3.4"
      }
    },
    "cropperjs": {
      "version": "1.4.3",
      "resolved": "https://registry.npmjs.org/cropperjs/-/cropperjs-1.4.3.tgz",
      "integrity": "sha512-fsUjHuS9mvKVh2aXVRgNcUDlFplW+v4eEB6sOHVI9kMV4G3GViSD4p1qvNLg1ko4ZhOnF0L8/9uXcY4s2bFQPg=="
    },
    "datatables.net": {
      "version": "2.1.1",
      "resolved": "https://registry.npmjs.org/datatables.net/-/datatables.net-2.1.1.tgz",
      "integrity": "sha1-bxED7wgFRkKuz4Xn4l79WSgi7ng=",
      "requires": {
        "jquery": ">=1.7"
      }
    },
    "datatables.net-bs4": {
      "version": "3.2.2",
      "resolved": "https://registry.npmjs.org/datatables.net-bs4/-/datatables.net-bs4-3.2.2.tgz",
      "integrity": "sha1-R4YNjMskckMJ/jAN5y6v1yAbusY=",
      "requires": {
        "datatables.net": ">=1.10.13",
        "jquery": ">=1.7"
      }
    },
    "datatables.net-responsive": {
      "version": "2.2.3",
      "resolved": "https://registry.npmjs.org/datatables.net-responsive/-/datatables.net-responsive-2.2.3.tgz",
      "integrity": "sha512-8D6VtZcyuH3FG0Hn5A4LPZQEOX3+HrRFM7HjpmsQc/nQDBbdeBLkJX4Sh/o1nzFTSneuT1Wh/lYZHVPpjcN+Sw==",
      "requires": {
        "datatables.net": "^1.10.15",
        "jquery": ">=1.7"
      },
      "dependencies": {
        "datatables.net": {
          "version": "1.10.19",
          "resolved": "https://registry.npmjs.org/datatables.net/-/datatables.net-1.10.19.tgz",
          "integrity": "sha512-+ljXcI6Pj3PTGy5pesp3E5Dr3x3AV45EZe0o1r0gKENN2gafBKXodVnk2ypKwl2tTmivjxbkiqoWnipTefyBTA==",
          "requires": {
            "jquery": ">=1.7"
          }
        }
      }
    },
    "datatables.net-responsive-bs4": {
      "version": "2.2.3",
      "resolved": "https://registry.npmjs.org/datatables.net-responsive-bs4/-/datatables.net-responsive-bs4-2.2.3.tgz",
      "integrity": "sha512-SQaWI0uLuPcaiBBin9zX+MuQfTSIkK1bYxbXqUV6NLkHCVa6PMQK7Rvftj0ywG4R7uOtjbzY8nSVqxEKvQI0Vg==",
      "requires": {
        "datatables.net-bs4": "^1.10.15",
        "datatables.net-responsive": "2.2.3",
        "jquery": ">=1.7"
      },
      "dependencies": {
        "datatables.net": {
          "version": "1.10.19",
          "resolved": "https://registry.npmjs.org/datatables.net/-/datatables.net-1.10.19.tgz",
          "integrity": "sha512-+ljXcI6Pj3PTGy5pesp3E5Dr3x3AV45EZe0o1r0gKENN2gafBKXodVnk2ypKwl2tTmivjxbkiqoWnipTefyBTA==",
          "requires": {
            "jquery": ">=1.7"
          }
        },
        "datatables.net-bs4": {
          "version": "1.10.19",
          "resolved": "https://registry.npmjs.org/datatables.net-bs4/-/datatables.net-bs4-1.10.19.tgz",
          "integrity": "sha512-pgeP17w4aPR7HIxIwuJghfqXULjdg1K6xMUUKDyCERJRSNNK4MRToFfELtIsluLNN555YBK4Kx8nihX5/ZT1Fw==",
          "requires": {
            "datatables.net": "1.10.19",
            "jquery": ">=1.7"
          }
        }
      }
    },
    "daterangepicker": {
      "version": "3.0.5",
      "resolved": "https://registry.npmjs.org/daterangepicker/-/daterangepicker-3.0.5.tgz",
      "integrity": "sha512-BoVV+OjVARWNE15iF+3Y2QIMioAD2UODHvJwIq+NtG0vxh61dXRmOMXlw2dsvxS8KY4n5uvIcBfIPiEiiGJcBg==",
      "requires": {
        "jquery": ">=1.10",
        "moment": "^2.9.0"
      }
    },
    "flipclock": {
      "version": "0.10.0",
      "resolved": "https://registry.npmjs.org/flipclock/-/flipclock-0.10.0.tgz",
      "integrity": "sha512-pGtdR9e1vnpoP6HKkS+eK3393t4RbRzOILYSz6pilZpOxzVVv/m8Hu/oeffSIwtWJAIyQ9ARNemNOl5vJIWunA=="
    },
    "font-awesome": {
      "version": "4.7.0",
      "resolved": "https://registry.npmjs.org/font-awesome/-/font-awesome-4.7.0.tgz",
      "integrity": "sha1-j6jPBBGhoxr9B7BtKQK7n8gVoTM="
    },
    "jquery": {
      "version": "3.3.1",
      "resolved": "https://registry.npmjs.org/jquery/-/jquery-3.3.1.tgz",
      "integrity": "sha512-Ubldcmxp5np52/ENotGxlLe6aGMvmF4R8S6tZjsP6Knsaxd/xp3Zrh50cG93lR6nPXyUFwzN3ZSOQI0wRJNdGg=="
    },
    "jquery-bar-rating": {
      "version": "1.2.2",
      "resolved": "https://registry.npmjs.org/jquery-bar-rating/-/jquery-bar-rating-1.2.2.tgz",
      "integrity": "sha1-lZTWYs/53rD+ezclEbskkqQ285I=",
      "requires": {
        "jquery": ">=1.7.2"
      }
    },
    "jquery-input-mask-phone-number": {
      "version": "1.0.4",
      "resolved": "https://registry.npmjs.org/jquery-input-mask-phone-number/-/jquery-input-mask-phone-number-1.0.4.tgz",
      "integrity": "sha512-PzxH8m+Il1Bovl6LlprNWQIniu4Rv462RVs7/p8mV9mrC58ROLkt+85kFOhXIfKaUe8ibMDn5eMhtbG65B1qFw=="
    },
    "jquery-mask-plugin": {
      "version": "1.14.15",
      "resolved": "https://registry.npmjs.org/jquery-mask-plugin/-/jquery-mask-plugin-1.14.15.tgz",
      "integrity": "sha512-/mI1N5WG9E7JmjFWIQBIMuG/4QlZDAXuoNjHoqVWZSMah+go5hp/xKI/xC0Jud9Ly4HqqhFxY4AXLTUZT+J7Hg=="
    },
    "jquery-timepicker": {
      "version": "1.3.3",
      "resolved": "https://registry.npmjs.org/jquery-timepicker/-/jquery-timepicker-1.3.3.tgz",
      "integrity": "sha1-A0FgyQpSYZ32iWPtp2JdH8qJy3o=",
      "requires": {
        "jquery": ">= 1.4.3"
      }
    },
    "magnific-popup": {
      "version": "0.9.9",
      "resolved": "https://registry.npmjs.org/magnific-popup/-/magnific-popup-0.9.9.tgz",
      "integrity": "sha1-cC7KyE1UspHuC/loCIVIE30RLbs="
    },
    "moment": {
      "version": "2.23.0",
      "resolved": "https://registry.npmjs.org/moment/-/moment-2.23.0.tgz",
      "integrity": "sha512-3IE39bHVqFbWWaPOMHZF98Q9c3LDKGTmypMiTM2QygGXXElkFWIH7GxfmlwmY2vwa+wmNsoYZmG2iusf1ZjJoA=="
    },
    "moment-timezone": {
      "version": "0.5.23",
      "resolved": "https://registry.npmjs.org/moment-timezone/-/moment-timezone-0.5.23.tgz",
      "integrity": "sha512-WHFH85DkCfiNMDX5D3X7hpNH3/PUhjTGcD0U1SgfBGZxJ3qUmJh5FdvaFjcClxOvB3rzdfj4oRffbI38jEnC1w==",
      "requires": {
        "moment": ">= 2.9.0"
      }
    },
    "owlcarousel": {
      "version": "1.3.3",
      "resolved": "https://registry.npmjs.org/owlcarousel/-/owlcarousel-1.3.3.tgz",
      "integrity": "sha1-KN5bm9KOnq7xWgo1UXV5Xy78VH0="
    },
    "peity": {
      "version": "3.3.0",
      "resolved": "https://registry.npmjs.org/peity/-/peity-3.3.0.tgz",
      "integrity": "sha512-4QUbLwDpmBFS/f0RdLODU1HgLHJJ2qo9fruRRNFB3DRNi8MCb3yIMLyNUwOLGcMwkN9uqQKacjKJEM7/TZQkFw=="
    },
    "popper.js": {
      "version": "1.14.4",
      "resolved": "https://registry.npmjs.org/popper.js/-/popper.js-1.14.4.tgz",
      "integrity": "sha1-juwdj/AqWjoVLdQ0FKFce3n9abY="
    },
    "rangeslider.js": {
      "version": "2.3.0",
      "resolved": "https://registry.npmjs.org/rangeslider.js/-/rangeslider.js-2.3.0.tgz",
      "integrity": "sha1-5hpykD9cYd7wzunojVBKPGDH9Z4=",
      "requires": {
        "jquery": ">=1.9.0"
      }
    },
    "summernote": {
      "version": "0.8.11",
      "resolved": "https://registry.npmjs.org/summernote/-/summernote-0.8.11.tgz",
      "integrity": "sha512-j+YbSK2ox1RZGeD5E/+6k57bvqhQLxiaazSj9zHBXOJnCuc0LZPSIGwyTlMaAGWpo6FlkXfjGS93hEDkV3zVJw=="
    },
    "sweetalert2": {
      "version": "8.17.3",
      "resolved": "https://registry.npmjs.org/sweetalert2/-/sweetalert2-8.17.3.tgz",
      "integrity": "sha512-kXim4OTEmYXmmnVbAumoYdftsHwU0hbAJLef7WRreTXe0tLSKKd5ODMrHqLyVZfouqEBxh123Z0N4CaqRAENsg=="
    },
    "tempusdominus-bootstrap-4": {
      "version": "5.1.2",
      "resolved": "https://registry.npmjs.org/tempusdominus-bootstrap-4/-/tempusdominus-bootstrap-4-5.1.2.tgz",
      "integrity": "sha512-ksD8qc4wOJeE19wvryXmEpRzMUSZu4wSOdG6zKSn8l4ccad16249KOX1j0CccyZpuuES/n4FLqLAUB+Dd1LTBA==",
      "requires": {
        "bootstrap": ">=4.1.2",
        "jquery": "^3.0",
        "moment": "^2.22.2",
        "moment-timezone": "^0.5.11",
        "popper.js": "^1.14.3"
      },
      "dependencies": {
        "bootstrap": {
          "version": "4.2.1",
          "resolved": "https://registry.npmjs.org/bootstrap/-/bootstrap-4.2.1.tgz",
          "integrity": "sha512-tt/7vIv3Gm2mnd/WeDx36nfGGHleil0Wg8IeB7eMrVkY0fZ5iTaBisSh8oNANc2IBsCc6vCgCNTIM/IEN0+50Q=="
        }
      }
    },
    "twbs-pagination": {
      "version": "1.4.1",
      "resolved": "https://registry.npmjs.org/twbs-pagination/-/twbs-pagination-1.4.1.tgz",
      "integrity": "sha1-8X6221QP4FG8h4Zlqk3GKO5PyBw=",
      "requires": {
        "jquery": ">=1.7"
      }
    }
  }
}
